
Microsoft Visual Studio Solution File, Format Version 12.00
# Visual Studio 2012
Project("{FAE04EC0-301F-11D3-BF4B-00C04F79EFBC}") = "WindowsFormsApplication1", "WindowsFormsApplication1\WindowsFormsApplication1.csproj", "{B625236A-5277-4075-AA4A-A06090790FDB}"
EndProject
Global
	GlobalSection(SolutionConfigurationPlatforms) = preSolution
		Debug|Any CPU = Debug|Any CPU
		Release|Any CPU = Release|Any CPU
	EndGlobalSection
	GlobalSection(ProjectConfigurationPlatforms) = postSolution
		{B625236A-5277-4075-AA4A-A06090790FDB}.Debug|Any CPU.ActiveCfg = Debug|Any CPU
		{B625236A-5277-4075-AA4A-A06090790FDB}.Debug|Any CPU.Build.0 = Debug|Any CPU
		{B625236A-5277-4075-AA4A-A06090790FDB}.Release|Any CPU.ActiveCfg = Release|Any CPU
		{B625236A-5277-4075-AA4A-A06090790FDB}.Release|Any CPU.Build.0 = Release|Any CPU
	EndGlobalSection
	GlobalSection(SolutionProperties) = preSolution
		HideSolutionNode = FALSE
	EndGlobalSection
EndGlobal
